
Microsoft Visual Studio Solution File, Format Version 12.00
# Visual Studio Version 17
VisualStudioVersion = 17.4.33110.190
MinimumVisualStudioVersion = 10.0.40219.1
Project("{2150E333-8FDC-42A3-9474-1A3956D46DE8}") = "Services", "Services", "{D4182849-0E7A-4B50-AAD8-6E1CAC9074C4}"
EndProject
Project("{2150E333-8FDC-42A3-9474-1A3956D46DE8}") = "WebApps", "WebApps", "{3765B0AD-CCDE-4323-844A-148F9A1C7DA2}"
EndProject
Project("{2150E333-8FDC-42A3-9474-1A3956D46DE8}") = "Cadastros", "Cadastros", "{5C475972-4321-4FCF-9CF7-CB4F1459904A}"
EndProject
Project("{2150E333-8FDC-42A3-9474-1A3956D46DE8}") = "Catalogo", "Catalogo", "{91C61144-313C-4373-8C70-99478B733896}"
EndProject
Project("{2150E333-8FDC-42A3-9474-1A3956D46DE8}") = "Core", "Core", "{50A527E4-C0CE-4E87-AA81-C4870853149E}"
EndProject
Project("{2150E333-8FDC-42A3-9474-1A3956D46DE8}") = "Fiscal", "Fiscal", "{0F7CC204-27BE-4FC2-B84E-FAD7651D464C}"
EndProject
Project("{2150E333-8FDC-42A3-9474-1A3956D46DE8}") = "Pagamentos", "Pagamentos", "{5CDA07AF-316C-4BED-8274-8DBB3D12F2B7}"
EndProject
Project("{2150E333-8FDC-42A3-9474-1A3956D46DE8}") = "Vendas", "Vendas", "{E70318C5-588E-4F11-8BE9-9B6CCF2615A8}"
EndProject
Project("{9A19103F-16F7-4668-BE54-9A1E7A4F7556}") = "NerdStore.Catalogo.Domain", "src\NerdStore.Catalogo.Domain\NerdStore.Catalogo.Domain.csproj", "{67538F15-8268-4D89-8F77-032E4CF1B739}"
EndProject
Project("{9A19103F-16F7-4668-BE54-9A1E7A4F7556}") = "NerdStore.Core", "src\NerdStore.Core\NerdStore.Core.csproj", "{83D485BB-E7E6-4BD6-99AF-A52E245C19A8}"
EndProject
Project("{2150E333-8FDC-42A3-9474-1A3956D46DE8}") = "Tests", "Tests", "{80A774F7-6C3C-4DF1-B937-C018895D9C6C}"
EndProject
Project("{9A19103F-16F7-4668-BE54-9A1E7A4F7556}") = "NerdStore.Catalogo.Data", "src\NerdStore.Catalogo.Data\NerdStore.Catalogo.Data.csproj", "{AEB38FCE-9298-4A84-A7D1-37E6BD86E709}"
EndProject
Project("{9A19103F-16F7-4668-BE54-9A1E7A4F7556}") = "NerdStore.Catalogo.Application", "src\NerdStore.Catalogo.Application\NerdStore.Catalogo.Application.csproj", "{7CBB4326-C10A-42F1-9671-3957CA7E7B90}"
EndProject
Project("{9A19103F-16F7-4668-BE54-9A1E7A4F7556}") = "NerdStore.WebApp.MVC", "src\NerdStore.WebApp.MVC\NerdStore.WebApp.MVC.csproj", "{B246EFF0-2B8B-49A2-A6C8-B891B8DED031}"
EndProject
Project("{9A19103F-16F7-4668-BE54-9A1E7A4F7556}") = "NerdStore.Catalogo.Domain.Tests", "tests\NerdStore.Catalogo.Domain.Tests\NerdStore.Catalogo.Domain.Tests.csproj", "{0F5F2918-DE68-42CF-8E6F-260128437B60}"
EndProject
Project("{9A19103F-16F7-4668-BE54-9A1E7A4F7556}") = "NerdStore.Pagamentos.AntiCorruption", "src\NerdStore.Pagamentos.AntiCorruption\NerdStore.Pagamentos.AntiCorruption.csproj", "{F0ACAC93-EF3C-494B-BE6F-02EDB8AA8991}"
EndProject
Project("{9A19103F-16F7-4668-BE54-9A1E7A4F7556}") = "NerdStore.Pagamentos.Business", "src\NerdStore.Pagamentos.Business\NerdStore.Pagamentos.Business.csproj", "{7A8221AF-2DDD-4108-9760-DD5995E071A2}"
EndProject
Project("{9A19103F-16F7-4668-BE54-9A1E7A4F7556}") = "NerdStore.Pagamentos.Data", "src\NerdStore.Pagamentos.Data\NerdStore.Pagamentos.Data.csproj", "{0E342AF3-2187-4C03-80A3-032F204887B4}"
EndProject
Project("{9A19103F-16F7-4668-BE54-9A1E7A4F7556}") = "NerdStore.Vendas.Application", "src\NerdStore.Vendas.Application\NerdStore.Vendas.Application.csproj", "{D0D2BA62-5F71-461F-9091-D7E69090B46E}"
EndProject
Project("{9A19103F-16F7-4668-BE54-9A1E7A4F7556}") = "NerdStore.Vendas.Data", "src\NerdStore.Vendas.Data\NerdStore.Vendas.Data.csproj", "{2E4E831A-8613-4903-BBA6-E3FBC6BFB1EB}"
EndProject
Project("{9A19103F-16F7-4668-BE54-9A1E7A4F7556}") = "NerdStore.Vendas.Domain", "src\NerdStore.Vendas.Domain\NerdStore.Vendas.Domain.csproj", "{176FAA82-F6EA-4AA4-B2CB-0F5E0B845F97}"
EndProject
Global
	GlobalSection(SolutionConfigurationPlatforms) = preSolution
		Debug|Any CPU = Debug|Any CPU
		Release|Any CPU = Release|Any CPU
	EndGlobalSection
	GlobalSection(ProjectConfigurationPlatforms) = postSolution
		{67538F15-8268-4D89-8F77-032E4CF1B739}.Debug|Any CPU.ActiveCfg = Debug|Any CPU
		{67538F15-8268-4D89-8F77-032E4CF1B739}.Debug|Any CPU.Build.0 = Debug|Any CPU
		{67538F15-8268-4D89-8F77-032E4CF1B739}.Release|Any CPU.ActiveCfg = Release|Any CPU
		{67538F15-8268-4D89-8F77-032E4CF1B739}.Release|Any CPU.Build.0 = Release|Any CPU
		{83D485BB-E7E6-4BD6-99AF-A52E245C19A8}.Debug|Any CPU.ActiveCfg = Debug|Any CPU
		{83D485BB-E7E6-4BD6-99AF-A52E245C19A8}.Debug|Any CPU.Build.0 = Debug|Any CPU
		{83D485BB-E7E6-4BD6-99AF-A52E245C19A8}.Release|Any CPU.ActiveCfg = Release|Any CPU
		{83D485BB-E7E6-4BD6-99AF-A52E245C19A8}.Release|Any CPU.Build.0 = Release|Any CPU
		{AEB38FCE-9298-4A84-A7D1-37E6BD86E709}.Debug|Any CPU.ActiveCfg = Debug|Any CPU
		{AEB38FCE-9298-4A84-A7D1-37E6BD86E709}.Debug|Any CPU.Build.0 = Debug|Any CPU
		{AEB38FCE-9298-4A84-A7D1-37E6BD86E709}.Release|Any CPU.ActiveCfg = Release|Any CPU
		{AEB38FCE-9298-4A84-A7D1-37E6BD86E709}.Release|Any CPU.Build.0 = Release|Any CPU
		{7CBB4326-C10A-42F1-9671-3957CA7E7B90}.Debug|Any CPU.ActiveCfg = Debug|Any CPU
		{7CBB4326-C10A-42F1-9671-3957CA7E7B90}.Debug|Any CPU.Build.0 = Debug|Any CPU
		{7CBB4326-C10A-42F1-9671-3957CA7E7B90}.Release|Any CPU.ActiveCfg = Release|Any CPU
		{7CBB4326-C10A-42F1-9671-3957CA7E7B90}.Release|Any CPU.Build.0 = Release|Any CPU
		{B246EFF0-2B8B-49A2-A6C8-B891B8DED031}.Debug|Any CPU.ActiveCfg = Debug|Any CPU
		{B246EFF0-2B8B-49A2-A6C8-B891B8DED031}.Debug|Any CPU.Build.0 = Debug|Any CPU
		{B246EFF0-2B8B-49A2-A6C8-B891B8DED031}.Release|Any CPU.ActiveCfg = Release|Any CPU
		{B246EFF0-2B8B-49A2-A6C8-B891B8DED031}.Release|Any CPU.Build.0 = Release|Any CPU
		{0F5F2918-DE68-42CF-8E6F-260128437B60}.Debug|Any CPU.ActiveCfg = Debug|Any CPU
		{0F5F2918-DE68-42CF-8E6F-260128437B60}.Debug|Any CPU.Build.0 = Debug|Any CPU
		{0F5F2918-DE68-42CF-8E6F-260128437B60}.Release|Any CPU.ActiveCfg = Release|Any CPU
		{0F5F2918-DE68-42CF-8E6F-260128437B60}.Release|Any CPU.Build.0 = Release|Any CPU
		{F0ACAC93-EF3C-494B-BE6F-02EDB8AA8991}.Debug|Any CPU.ActiveCfg = Debug|Any CPU
		{F0ACAC93-EF3C-494B-BE6F-02EDB8AA8991}.Debug|Any CPU.Build.0 = Debug|Any CPU
		{F0ACAC93-EF3C-494B-BE6F-02EDB8AA8991}.Release|Any CPU.ActiveCfg = Release|Any CPU
		{F0ACAC93-EF3C-494B-BE6F-02EDB8AA8991}.Release|Any CPU.Build.0 = Release|Any CPU
		{7A8221AF-2DDD-4108-9760-DD5995E071A2}.Debug|Any CPU.ActiveCfg = Debug|Any CPU
		{7A8221AF-2DDD-4108-9760-DD5995E071A2}.Debug|Any CPU.Build.0 = Debug|Any CPU
		{7A8221AF-2DDD-4108-9760-DD5995E071A2}.Release|Any CPU.ActiveCfg = Release|Any CPU
		{7A8221AF-2DDD-4108-9760-DD5995E071A2}.Release|Any CPU.Build.0 = Release|Any CPU
		{0E342AF3-2187-4C03-80A3-032F204887B4}.Debug|Any CPU.ActiveCfg = Debug|Any CPU
		{0E342AF3-2187-4C03-80A3-032F204887B4}.Debug|Any CPU.Build.0 = Debug|Any CPU
		{0E342AF3-2187-4C03-80A3-032F204887B4}.Release|Any CPU.ActiveCfg = Release|Any CPU
		{0E342AF3-2187-4C03-80A3-032F204887B4}.Release|Any CPU.Build.0 = Release|Any CPU
		{D0D2BA62-5F71-461F-9091-D7E69090B46E}.Debug|Any CPU.ActiveCfg = Debug|Any CPU
		{D0D2BA62-5F71-461F-9091-D7E69090B46E}.Debug|Any CPU.Build.0 = Debug|Any CPU
		{D0D2BA62-5F71-461F-9091-D7E69090B46E}.Release|Any CPU.ActiveCfg = Release|Any CPU
		{D0D2BA62-5F71-461F-9091-D7E69090B46E}.Release|Any CPU.Build.0 = Release|Any CPU
		{2E4E831A-8613-4903-BBA6-E3FBC6BFB1EB}.Debug|Any CPU.ActiveCfg = Debug|Any CPU
		{2E4E831A-8613-4903-BBA6-E3FBC6BFB1EB}.Debug|Any CPU.Build.0 = Debug|Any CPU
		{2E4E831A-8613-4903-BBA6-E3FBC6BFB1EB}.Release|Any CPU.ActiveCfg = Release|Any CPU
		{2E4E831A-8613-4903-BBA6-E3FBC6BFB1EB}.Release|Any CPU.Build.0 = Release|Any CPU
		{176FAA82-F6EA-4AA4-B2CB-0F5E0B845F97}.Debug|Any CPU.ActiveCfg = Debug|Any CPU
		{176FAA82-F6EA-4AA4-B2CB-0F5E0B845F97}.Debug|Any CPU.Build.0 = Debug|Any CPU
		{176FAA82-F6EA-4AA4-B2CB-0F5E0B845F97}.Release|Any CPU.ActiveCfg = Release|Any CPU
		{176FAA82-F6EA-4AA4-B2CB-0F5E0B845F97}.Release|Any CPU.Build.0 = Release|Any CPU
	EndGlobalSection
	GlobalSection(SolutionProperties) = preSolution
		HideSolutionNode = FALSE
	EndGlobalSection
	GlobalSection(NestedProjects) = preSolution
		{5C475972-4321-4FCF-9CF7-CB4F1459904A} = {D4182849-0E7A-4B50-AAD8-6E1CAC9074C4}
		{91C61144-313C-4373-8C70-99478B733896} = {D4182849-0E7A-4B50-AAD8-6E1CAC9074C4}
		{50A527E4-C0CE-4E87-AA81-C4870853149E} = {D4182849-0E7A-4B50-AAD8-6E1CAC9074C4}
		{0F7CC204-27BE-4FC2-B84E-FAD7651D464C} = {D4182849-0E7A-4B50-AAD8-6E1CAC9074C4}
		{5CDA07AF-316C-4BED-8274-8DBB3D12F2B7} = {D4182849-0E7A-4B50-AAD8-6E1CAC9074C4}
		{E70318C5-588E-4F11-8BE9-9B6CCF2615A8} = {D4182849-0E7A-4B50-AAD8-6E1CAC9074C4}
		{67538F15-8268-4D89-8F77-032E4CF1B739} = {91C61144-313C-4373-8C70-99478B733896}
		{83D485BB-E7E6-4BD6-99AF-A52E245C19A8} = {50A527E4-C0CE-4E87-AA81-C4870853149E}
		{80A774F7-6C3C-4DF1-B937-C018895D9C6C} = {91C61144-313C-4373-8C70-99478B733896}
		{AEB38FCE-9298-4A84-A7D1-37E6BD86E709} = {91C61144-313C-4373-8C70-99478B733896}
		{7CBB4326-C10A-42F1-9671-3957CA7E7B90} = {91C61144-313C-4373-8C70-99478B733896}
		{B246EFF0-2B8B-49A2-A6C8-B891B8DED031} = {3765B0AD-CCDE-4323-844A-148F9A1C7DA2}
		{0F5F2918-DE68-42CF-8E6F-260128437B60} = {80A774F7-6C3C-4DF1-B937-C018895D9C6C}
		{F0ACAC93-EF3C-494B-BE6F-02EDB8AA8991} = {5CDA07AF-316C-4BED-8274-8DBB3D12F2B7}
		{7A8221AF-2DDD-4108-9760-DD5995E071A2} = {5CDA07AF-316C-4BED-8274-8DBB3D12F2B7}
		{0E342AF3-2187-4C03-80A3-032F204887B4} = {5CDA07AF-316C-4BED-8274-8DBB3D12F2B7}
		{D0D2BA62-5F71-461F-9091-D7E69090B46E} = {E70318C5-588E-4F11-8BE9-9B6CCF2615A8}
		{2E4E831A-8613-4903-BBA6-E3FBC6BFB1EB} = {E70318C5-588E-4F11-8BE9-9B6CCF2615A8}
		{176FAA82-F6EA-4AA4-B2CB-0F5E0B845F97} = {E70318C5-588E-4F11-8BE9-9B6CCF2615A8}
	EndGlobalSection
	GlobalSection(ExtensibilityGlobals) = postSolution
		SolutionGuid = {36A72806-550E-45A4-86F4-1E79F3967FE7}
	EndGlobalSection
EndGlobal
